// !$*UTF8*$!
{
	archiveVersion = 1;
	classes = {
	};
	objectVersion = 56;
	objects = {

/* Begin PBXBuildFile section */
		0B5D349928F9AB1300F8B24A /* AppDelegate.swift in Sources */ = {isa = PBXBuildFile; fileRef = 0B5D349828F9AB1300F8B24A /* AppDelegate.swift */; };
		0B5D349B28F9AB1300F8B24A /* SceneDelegate.swift in Sources */ = {isa = PBXBuildFile; fileRef = 0B5D349A28F9AB1300F8B24A /* SceneDelegate.swift */; };
		0B5D34A228F9AB1400F8B24A /* Assets.xcassets in Resources */ = {isa = PBXBuildFile; fileRef = 0B5D34A128F9AB1400F8B24A /* Assets.xcassets */; };
		0B5D34A528F9AB1400F8B24A /* LaunchScreen.storyboard in Resources */ = {isa = PBXBuildFile; fileRef = 0B5D34A328F9AB1400F8B24A /* LaunchScreen.storyboard */; };
		0B5D34BA28FD8BA900F8B24A /* IngredientsGatheringViewController.swift in Sources */ = {isa = PBXBuildFile; fileRef = 0B5D34B928FD8BA900F8B24A /* IngredientsGatheringViewController.swift */; };
		0B5D34BC28FD8BC500F8B24A /* IngredientsGatheringView.swift in Sources */ = {isa = PBXBuildFile; fileRef = 0B5D34BB28FD8BC500F8B24A /* IngredientsGatheringView.swift */; };
		0B5D34FB29001B7700F8B24A /* IngredientIcon.swift in Sources */ = {isa = PBXBuildFile; fileRef = 0B5D34FA29001B7700F8B24A /* IngredientIcon.swift */; };
		0B5D34FF290220F100F8B24A /* ProgressBar.swift in Sources */ = {isa = PBXBuildFile; fileRef = 0B5D34FE290220F100F8B24A /* ProgressBar.swift */; };
		0B5D350129023BDC00F8B24A /* StartingMessage.swift in Sources */ = {isa = PBXBuildFile; fileRef = 0B5D350029023BDC00F8B24A /* StartingMessage.swift */; };
		0B5D35032902D4A200F8B24A /* ClockView.swift in Sources */ = {isa = PBXBuildFile; fileRef = 0B5D35022902D4A200F8B24A /* ClockView.swift */; };
		0B5D3506290484A700F8B24A /* BackgroundView.swift in Sources */ = {isa = PBXBuildFile; fileRef = 0B5D3505290484A700F8B24A /* BackgroundView.swift */; };
		0B5D35092904885300F8B24A /* AppUI.swift in Sources */ = {isa = PBXBuildFile; fileRef = 0B5D35082904885300F8B24A /* AppUI.swift */; };
		0B5D350C29049A0300F8B24A /* Lottie in Frameworks */ = {isa = PBXBuildFile; productRef = 0B5D350B29049A0300F8B24A /* Lottie */; };
/* End PBXBuildFile section */

/* Begin PBXFileReference section */
		0B5D349528F9AB1300F8B24A /* PotionCompendium.app */ = {isa = PBXFileReference; explicitFileType = wrapper.application; includeInIndex = 0; path = PotionCompendium.app; sourceTree = BUILT_PRODUCTS_DIR; };
		0B5D349828F9AB1300F8B24A /* AppDelegate.swift */ = {isa = PBXFileReference; lastKnownFileType = sourcecode.swift; path = AppDelegate.swift; sourceTree = "<group>"; };
		0B5D349A28F9AB1300F8B24A /* SceneDelegate.swift */ = {isa = PBXFileReference; lastKnownFileType = sourcecode.swift; path = SceneDelegate.swift; sourceTree = "<group>"; };
		0B5D34A128F9AB1400F8B24A /* Assets.xcassets */ = {isa = PBXFileReference; lastKnownFileType = folder.assetcatalog; path = Assets.xcassets; sourceTree = "<group>"; };
		0B5D34A428F9AB1400F8B24A /* Base */ = {isa = PBXFileReference; lastKnownFileType = file.storyboard; name = Base; path = Base.lproj/LaunchScreen.storyboard; sourceTree = "<group>"; };
		0B5D34A628F9AB1400F8B24A /* Info.plist */ = {isa = PBXFileReference; lastKnownFileType = text.plist.xml; path = Info.plist; sourceTree = "<group>"; };
		0B5D34B928FD8BA900F8B24A /* IngredientsGatheringViewController.swift */ = {isa = PBXFileReference; lastKnownFileType = sourcecode.swift; path = IngredientsGatheringViewController.swift; sourceTree = "<group>"; };
		0B5D34BB28FD8BC500F8B24A /* IngredientsGatheringView.swift */ = {isa = PBXFileReference; lastKnownFileType = sourcecode.swift; path = IngredientsGatheringView.swift; sourceTree = "<group>"; };
		0B5D34FA29001B7700F8B24A /* IngredientIcon.swift */ = {isa = PBXFileReference; lastKnownFileType = sourcecode.swift; path = IngredientIcon.swift; sourceTree = "<group>"; };
		0B5D34FE290220F100F8B24A /* ProgressBar.swift */ = {isa = PBXFileReference; lastKnownFileType = sourcecode.swift; path = ProgressBar.swift; sourceTree = "<group>"; };
		0B5D350029023BDC00F8B24A /* StartingMessage.swift */ = {isa = PBXFileReference; lastKnownFileType = sourcecode.swift; path = StartingMessage.swift; sourceTree = "<group>"; };
		0B5D35022902D4A200F8B24A /* ClockView.swift */ = {isa = PBXFileReference; lastKnownFileType = sourcecode.swift; path = ClockView.swift; sourceTree = "<group>"; };
		0B5D3505290484A700F8B24A /* BackgroundView.swift */ = {isa = PBXFileReference; lastKnownFileType = sourcecode.swift; path = BackgroundView.swift; sourceTree = "<group>"; };
		0B5D35082904885300F8B24A /* AppUI.swift */ = {isa = PBXFileReference; lastKnownFileType = sourcecode.swift; path = AppUI.swift; sourceTree = "<group>"; };
/* End PBXFileReference section */

/* Begin PBXFrameworksBuildPhase section */
		0B5D349228F9AB1300F8B24A /* Frameworks */ = {
			isa = PBXFrameworksBuildPhase;
			buildActionMask = 2147483647;
			files = (
				0B5D350C29049A0300F8B24A /* Lottie in Frameworks */,
			);
			runOnlyForDeploymentPostprocessing = 0;
		};
/* End PBXFrameworksBuildPhase section */

/* Begin PBXGroup section */
		0B5D348C28F9AB1300F8B24A = {
			isa = PBXGroup;
			children = (
				0B5D349728F9AB1300F8B24A /* PotionCompendium */,
				0B5D349628F9AB1300F8B24A /* Products */,
			);
			sourceTree = "<group>";
		};
		0B5D349628F9AB1300F8B24A /* Products */ = {
			isa = PBXGroup;
			children = (
				0B5D349528F9AB1300F8B24A /* PotionCompendium.app */,
			);
			name = Products;
			sourceTree = "<group>";
		};
		0B5D349728F9AB1300F8B24A /* PotionCompendium */ = {
			isa = PBXGroup;
			children = (
				0B5D34AE28FD8AE900F8B24A /* View */,
				0B5D349828F9AB1300F8B24A /* AppDelegate.swift */,
				0B5D349A28F9AB1300F8B24A /* SceneDelegate.swift */,
				0B5D34A128F9AB1400F8B24A /* Assets.xcassets */,
				0B5D34A328F9AB1400F8B24A /* LaunchScreen.storyboard */,
				0B5D34A628F9AB1400F8B24A /* Info.plist */,
			);
			path = PotionCompendium;
			sourceTree = "<group>";
		};
		0B5D34AE28FD8AE900F8B24A /* View */ = {
			isa = PBXGroup;
			children = (
				0B5D35072904883D00F8B24A /* AppUI */,
				0B5D35042904848400F8B24A /* Components */,
				0B5D34B628FD8B5D00F8B24A /* IngredientsGathering */,
			);
			path = View;
			sourceTree = "<group>";
		};
		0B5D34B628FD8B5D00F8B24A /* IngredientsGathering */ = {
			isa = PBXGroup;
			children = (
				0B5D34F929001B4B00F8B24A /* Components */,
				0B5D34B928FD8BA900F8B24A /* IngredientsGatheringViewController.swift */,
				0B5D34BB28FD8BC500F8B24A /* IngredientsGatheringView.swift */,
			);
			path = IngredientsGathering;
			sourceTree = "<group>";
		};
		0B5D34F929001B4B00F8B24A /* Components */ = {
			isa = PBXGroup;
			children = (
				0B5D34FA29001B7700F8B24A /* IngredientIcon.swift */,
				0B5D34FE290220F100F8B24A /* ProgressBar.swift */,
				0B5D350029023BDC00F8B24A /* StartingMessage.swift */,
				0B5D35022902D4A200F8B24A /* ClockView.swift */,
			);
			path = Components;
			sourceTree = "<group>";
		};
		0B5D35042904848400F8B24A /* Components */ = {
			isa = PBXGroup;
			children = (
				0B5D3505290484A700F8B24A /* BackgroundView.swift */,
			);
			path = Components;
			sourceTree = "<group>";
		};
		0B5D35072904883D00F8B24A /* AppUI */ = {
			isa = PBXGroup;
			children = (
				0B5D35082904885300F8B24A /* AppUI.swift */,
			);
			path = AppUI;
			sourceTree = "<group>";
		};
/* End PBXGroup section */

/* Begin PBXNativeTarget section */
		0B5D349428F9AB1300F8B24A /* PotionCompendium */ = {
			isa = PBXNativeTarget;
			buildConfigurationList = 0B5D34A928F9AB1400F8B24A /* Build configuration list for PBXNativeTarget "PotionCompendium" */;
			buildPhases = (
				0B5D349128F9AB1300F8B24A /* Sources */,
				0B5D349228F9AB1300F8B24A /* Frameworks */,
				0B5D349328F9AB1300F8B24A /* Resources */,
				0B5D34CB28FD955A00F8B24A /* ShellScript */,
			);
			buildRules = (
			);
			dependencies = (
			);
			name = PotionCompendium;
			packageProductDependencies = (
				0B5D350B29049A0300F8B24A /* Lottie */,
			);
			productName = PotionCompendium;
			productReference = 0B5D349528F9AB1300F8B24A /* PotionCompendium.app */;
			productType = "com.apple.product-type.application";
		};
/* End PBXNativeTarget section */

/* Begin PBXProject section */
		0B5D348D28F9AB1300F8B24A /* Project object */ = {
			isa = PBXProject;
			attributes = {
				BuildIndependentTargetsInParallel = 1;
				LastSwiftUpdateCheck = 1400;
				LastUpgradeCheck = 1400;
				TargetAttributes = {
					0B5D349428F9AB1300F8B24A = {
						CreatedOnToolsVersion = 14.0;
					};
				};
			};
			buildConfigurationList = 0B5D349028F9AB1300F8B24A /* Build configuration list for PBXProject "PotionCompendium" */;
			compatibilityVersion = "Xcode 14.0";
			developmentRegion = en;
			hasScannedForEncodings = 0;
			knownRegions = (
				en,
				Base,
			);
			mainGroup = 0B5D348C28F9AB1300F8B24A;
			packageReferences = (
				0B5D350A29049A0300F8B24A /* XCRemoteSwiftPackageReference "lottie-ios" */,
			);
			productRefGroup = 0B5D349628F9AB1300F8B24A /* Products */;
			projectDirPath = "";
			projectRoot = "";
			targets = (
				0B5D349428F9AB1300F8B24A /* PotionCompendium */,
			);
		};
/* End PBXProject section */

/* Begin PBXResourcesBuildPhase section */
		0B5D349328F9AB1300F8B24A /* Resources */ = {
			isa = PBXResourcesBuildPhase;
			buildActionMask = 2147483647;
			files = (
				0B5D34A528F9AB1400F8B24A /* LaunchScreen.storyboard in Resources */,
				0B5D34A228F9AB1400F8B24A /* Assets.xcassets in Resources */,
			);
			runOnlyForDeploymentPostprocessing = 0;
		};
/* End PBXResourcesBuildPhase section */

/* Begin PBXShellScriptBuildPhase section */
		0B5D34CB28FD955A00F8B24A /* ShellScript */ = {
			isa = PBXShellScriptBuildPhase;
			buildActionMask = 2147483647;
			files = (
			);
			inputFileListPaths = (
			);
			inputPaths = (
			);
			outputFileListPaths = (
			);
			outputPaths = (
			);
			runOnlyForDeploymentPostprocessing = 0;
			shellPath = /bin/sh;
			shellScript = "export PATH=\"$PATH:/opt/homebrew/bin\"\nif which swiftlint > /dev/null; then\n  swiftlint PotionCompendium/*\nelse\n  echo \"warning: SwiftLint not installed, download from https://github.com/realm/SwiftLint\"\nfi\n";
		};
/* End PBXShellScriptBuildPhase section */

/* Begin PBXSourcesBuildPhase section */
		0B5D349128F9AB1300F8B24A /* Sources */ = {
			isa = PBXSourcesBuildPhase;
			buildActionMask = 2147483647;
			files = (
				0B5D350129023BDC00F8B24A /* StartingMessage.swift in Sources */,
				0B5D35092904885300F8B24A /* AppUI.swift in Sources */,
				0B5D34FB29001B7700F8B24A /* IngredientIcon.swift in Sources */,
				0B5D35032902D4A200F8B24A /* ClockView.swift in Sources */,
				0B5D34FF290220F100F8B24A /* ProgressBar.swift in Sources */,
				0B5D349928F9AB1300F8B24A /* AppDelegate.swift in Sources */,
				0B5D34BC28FD8BC500F8B24A /* IngredientsGatheringView.swift in Sources */,
				0B5D34BA28FD8BA900F8B24A /* IngredientsGatheringViewController.swift in Sources */,
				0B5D349B28F9AB1300F8B24A /* SceneDelegate.swift in Sources */,
				0B5D3506290484A700F8B24A /* BackgroundView.swift in Sources */,
			);
			runOnlyForDeploymentPostprocessing = 0;
		};
/* End PBXSourcesBuildPhase section */

/* Begin PBXVariantGroup section */
		0B5D34A328F9AB1400F8B24A /* LaunchScreen.storyboard */ = {
			isa = PBXVariantGroup;
			children = (
				0B5D34A428F9AB1400F8B24A /* Base */,
			);
			name = LaunchScreen.storyboard;
			sourceTree = "<group>";
		};
/* End PBXVariantGroup section */

/* Begin XCBuildConfiguration section */
		0B5D34A728F9AB1400F8B24A /* Debug */ = {
			isa = XCBuildConfiguration;
			buildSettings = {
				ALWAYS_SEARCH_USER_PATHS = NO;
				CLANG_ANALYZER_NONNULL = YES;
				CLANG_ANALYZER_NUMBER_OBJECT_CONVERSION = YES_AGGRESSIVE;
				CLANG_CXX_LANGUAGE_STANDARD = "gnu++20";
				CLANG_ENABLE_MODULES = YES;
				CLANG_ENABLE_OBJC_ARC = YES;
				CLANG_ENABLE_OBJC_WEAK = YES;
				CLANG_WARN_BLOCK_CAPTURE_AUTORELEASING = YES;
				CLANG_WARN_BOOL_CONVERSION = YES;
				CLANG_WARN_COMMA = YES;
				CLANG_WARN_CONSTANT_CONVERSION = YES;
				CLANG_WARN_DEPRECATED_OBJC_IMPLEMENTATIONS = YES;
				CLANG_WARN_DIRECT_OBJC_ISA_USAGE = YES_ERROR;
				CLANG_WARN_DOCUMENTATION_COMMENTS = YES;
				CLANG_WARN_EMPTY_BODY = YES;
				CLANG_WARN_ENUM_CONVERSION = YES;
				CLANG_WARN_INFINITE_RECURSION = YES;
				CLANG_WARN_INT_CONVERSION = YES;
				CLANG_WARN_NON_LITERAL_NULL_CONVERSION = YES;
				CLANG_WARN_OBJC_IMPLICIT_RETAIN_SELF = YES;
				CLANG_WARN_OBJC_LITERAL_CONVERSION = YES;
				CLANG_WARN_OBJC_ROOT_CLASS = YES_ERROR;
				CLANG_WARN_QUOTED_INCLUDE_IN_FRAMEWORK_HEADER = YES;
				CLANG_WARN_RANGE_LOOP_ANALYSIS = YES;
				CLANG_WARN_STRICT_PROTOTYPES = YES;
				CLANG_WARN_SUSPICIOUS_MOVE = YES;
				CLANG_WARN_UNGUARDED_AVAILABILITY = YES_AGGRESSIVE;
				CLANG_WARN_UNREACHABLE_CODE = YES;
				CLANG_WARN__DUPLICATE_METHOD_MATCH = YES;
				COPY_PHASE_STRIP = NO;
				DEBUG_INFORMATION_FORMAT = dwarf;
				ENABLE_STRICT_OBJC_MSGSEND = YES;
				ENABLE_TESTABILITY = YES;
				GCC_C_LANGUAGE_STANDARD = gnu11;
				GCC_DYNAMIC_NO_PIC = NO;
				GCC_NO_COMMON_BLOCKS = YES;
				GCC_OPTIMIZATION_LEVEL = 0;
				GCC_PREPROCESSOR_DEFINITIONS = (
					"DEBUG=1",
					"$(inherited)",
				);
				GCC_WARN_64_TO_32_BIT_CONVERSION = YES;
				GCC_WARN_ABOUT_RETURN_TYPE = YES_ERROR;
				GCC_WARN_UNDECLARED_SELECTOR = YES;
				GCC_WARN_UNINITIALIZED_AUTOS = YES_AGGRESSIVE;
				GCC_WARN_UNUSED_FUNCTION = YES;
				GCC_WARN_UNUSED_VARIABLE = YES;
				IPHONEOS_DEPLOYMENT_TARGET = 16.0;
				MTL_ENABLE_DEBUG_INFO = INCLUDE_SOURCE;
				MTL_FAST_MATH = YES;
				ONLY_ACTIVE_ARCH = YES;
				SDKROOT = iphoneos;
				SWIFT_ACTIVE_COMPILATION_CONDITIONS = DEBUG;
				SWIFT_OPTIMIZATION_LEVEL = "-Onone";
			};
			name = Debug;
		};
		0B5D34A828F9AB1400F8B24A /* Release */ = {
			isa = XCBuildConfiguration;
			buildSettings = {
				ALWAYS_SEARCH_USER_PATHS = NO;
				CLANG_ANALYZER_NONNULL = YES;
				CLANG_ANALYZER_NUMBER_OBJECT_CONVERSION = YES_AGGRESSIVE;
				CLANG_CXX_LANGUAGE_STANDARD = "gnu++20";
				CLANG_ENABLE_MODULES = YES;
				CLANG_ENABLE_OBJC_ARC = YES;
				CLANG_ENABLE_OBJC_WEAK = YES;
				CLANG_WARN_BLOCK_CAPTURE_AUTORELEASING = YES;
				CLANG_WARN_BOOL_CONVERSION = YES;
				CLANG_WARN_COMMA = YES;
				CLANG_WARN_CONSTANT_CONVERSION = YES;
				CLANG_WARN_DEPRECATED_OBJC_IMPLEMENTATIONS = YES;
				CLANG_WARN_DIRECT_OBJC_ISA_USAGE = YES_ERROR;
				CLANG_WARN_DOCUMENTATION_COMMENTS = YES;
				CLANG_WARN_EMPTY_BODY = YES;
				CLANG_WARN_ENUM_CONVERSION = YES;
				CLANG_WARN_INFINITE_RECURSION = YES;
				CLANG_WARN_INT_CONVERSION = YES;
				CLANG_WARN_NON_LITERAL_NULL_CONVERSION = YES;
				CLANG_WARN_OBJC_IMPLICIT_RETAIN_SELF = YES;
				CLANG_WARN_OBJC_LITERAL_CONVERSION = YES;
				CLANG_WARN_OBJC_ROOT_CLASS = YES_ERROR;
				CLANG_WARN_QUOTED_INCLUDE_IN_FRAMEWORK_HEADER = YES;
				CLANG_WARN_RANGE_LOOP_ANALYSIS = YES;
				CLANG_WARN_STRICT_PROTOTYPES = YES;
				CLANG_WARN_SUSPICIOUS_MOVE = YES;
				CLANG_WARN_UNGUARDED_AVAILABILITY = YES_AGGRESSIVE;
				CLANG_WARN_UNREACHABLE_CODE = YES;
				CLANG_WARN__DUPLICATE_METHOD_MATCH = YES;
				COPY_PHASE_STRIP = NO;
				DEBUG_INFORMATION_FORMAT = "dwarf-with-dsym";
				ENABLE_NS_ASSERTIONS = NO;
				ENABLE_STRICT_OBJC_MSGSEND = YES;
				GCC_C_LANGUAGE_STANDARD = gnu11;
				GCC_NO_COMMON_BLOCKS = YES;
				GCC_WARN_64_TO_32_BIT_CONVERSION = YES;
				GCC_WARN_ABOUT_RETURN_TYPE = YES_ERROR;
				GCC_WARN_UNDECLARED_SELECTOR = YES;
				GCC_WARN_UNINITIALIZED_AUTOS = YES_AGGRESSIVE;
				GCC_WARN_UNUSED_FUNCTION = YES;
				GCC_WARN_UNUSED_VARIABLE = YES;
				IPHONEOS_DEPLOYMENT_TARGET = 16.0;
				MTL_ENABLE_DEBUG_INFO = NO;
				MTL_FAST_MATH = YES;
				SDKROOT = iphoneos;
				SWIFT_COMPILATION_MODE = wholemodule;
				SWIFT_OPTIMIZATION_LEVEL = "-O";
				VALIDATE_PRODUCT = YES;
			};
			name = Release;
		};
		0B5D34AA28F9AB1400F8B24A /* Debug */ = {
			isa = XCBuildConfiguration;
			buildSettings = {
				ASSETCATALOG_COMPILER_APPICON_NAME = AppIcon;
				ASSETCATALOG_COMPILER_GLOBAL_ACCENT_COLOR_NAME = AccentColor;
				CODE_SIGN_STYLE = Automatic;
				CURRENT_PROJECT_VERSION = 1;
				DEVELOPMENT_TEAM = KDV83NBV8H;
				GENERATE_INFOPLIST_FILE = YES;
				INFOPLIST_FILE = PotionCompendium/Info.plist;
				INFOPLIST_KEY_UIApplicationSupportsIndirectInputEvents = YES;
				INFOPLIST_KEY_UILaunchStoryboardName = LaunchScreen;
				INFOPLIST_KEY_UISupportedInterfaceOrientations_iPad = "UIInterfaceOrientationPortrait UIInterfaceOrientationPortraitUpsideDown UIInterfaceOrientationLandscapeLeft UIInterfaceOrientationLandscapeRight";
				INFOPLIST_KEY_UISupportedInterfaceOrientations_iPhone = "UIInterfaceOrientationPortrait UIInterfaceOrientationLandscapeLeft UIInterfaceOrientationLandscapeRight";
				LD_RUNPATH_SEARCH_PATHS = (
					"$(inherited)",
					"@executable_path/Frameworks",
				);
				MARKETING_VERSION = 1.0;
				PRODUCT_BUNDLE_IDENTIFIER = com.lais.PotionCompendium;
				PRODUCT_NAME = "$(TARGET_NAME)";
				SUPPORTED_PLATFORMS = "iphoneos iphonesimulator";
				SUPPORTS_MACCATALYST = NO;
				SUPPORTS_MAC_DESIGNED_FOR_IPHONE_IPAD = YES;
				SWIFT_EMIT_LOC_STRINGS = YES;
				SWIFT_VERSION = 5.0;
				TARGETED_DEVICE_FAMILY = 1;
			};
			name = Debug;
		};
		0B5D34AB28F9AB1400F8B24A /* Release */ = {
			isa = XCBuildConfiguration;
			buildSettings = {
				ASSETCATALOG_COMPILER_APPICON_NAME = AppIcon;
				ASSETCATALOG_COMPILER_GLOBAL_ACCENT_COLOR_NAME = AccentColor;
				CODE_SIGN_STYLE = Automatic;
				CURRENT_PROJECT_VERSION = 1;
				DEVELOPMENT_TEAM = KDV83NBV8H;
				GENERATE_INFOPLIST_FILE = YES;
				INFOPLIST_FILE = PotionCompendium/Info.plist;
				INFOPLIST_KEY_UIApplicationSupportsIndirectInputEvents = YES;
				INFOPLIST_KEY_UILaunchStoryboardName = LaunchScreen;
				INFOPLIST_KEY_UISupportedInterfaceOrientations_iPad = "UIInterfaceOrientationPortrait UIInterfaceOrientationPortraitUpsideDown UIInterfaceOrientationLandscapeLeft UIInterfaceOrientationLandscapeRight";
				INFOPLIST_KEY_UISupportedInterfaceOrientations_iPhone = "UIInterfaceOrientationPortrait UIInterfaceOrientationLandscapeLeft UIInterfaceOrientationLandscapeRight";
				LD_RUNPATH_SEARCH_PATHS = (
					"$(inherited)",
					"@executable_path/Frameworks",
				);
				MARKETING_VERSION = 1.0;
				PRODUCT_BUNDLE_IDENTIFIER = com.lais.PotionCompendium;
				PRODUCT_NAME = "$(TARGET_NAME)";
				SUPPORTED_PLATFORMS = "iphoneos iphonesimulator";
				SUPPORTS_MACCATALYST = NO;
				SUPPORTS_MAC_DESIGNED_FOR_IPHONE_IPAD = YES;
				SWIFT_EMIT_LOC_STRINGS = YES;
				SWIFT_VERSION = 5.0;
				TARGETED_DEVICE_FAMILY = 1;
			};
			name = Release;
		};
/* End XCBuildConfiguration section */

/* Begin XCConfigurationList section */
		0B5D349028F9AB1300F8B24A /* Build configuration list for PBXProject "PotionCompendium" */ = {
			isa = XCConfigurationList;
			buildConfigurations = (
				0B5D34A728F9AB1400F8B24A /* Debug */,
				0B5D34A828F9AB1400F8B24A /* Release */,
			);
			defaultConfigurationIsVisible = 0;
			defaultConfigurationName = Release;
		};
		0B5D34A928F9AB1400F8B24A /* Build configuration list for PBXNativeTarget "PotionCompendium" */ = {
			isa = XCConfigurationList;
			buildConfigurations = (
				0B5D34AA28F9AB1400F8B24A /* Debug */,
				0B5D34AB28F9AB1400F8B24A /* Release */,
			);
			defaultConfigurationIsVisible = 0;
			defaultConfigurationName = Release;
		};
/* End XCConfigurationList section */

/* Begin XCRemoteSwiftPackageReference section */
		0B5D350A29049A0300F8B24A /* XCRemoteSwiftPackageReference "lottie-ios" */ = {
			isa = XCRemoteSwiftPackageReference;
			repositoryURL = "https://github.com/airbnb/lottie-ios.git";
			requirement = {
				kind = upToNextMajorVersion;
				minimumVersion = 3.0.0;
			};
		};
/* End XCRemoteSwiftPackageReference section */

/* Begin XCSwiftPackageProductDependency section */
		0B5D350B29049A0300F8B24A /* Lottie */ = {
			isa = XCSwiftPackageProductDependency;
			package = 0B5D350A29049A0300F8B24A /* XCRemoteSwiftPackageReference "lottie-ios" */;
			productName = Lottie;
		};
/* End XCSwiftPackageProductDependency section */
	};
	rootObject = 0B5D348D28F9AB1300F8B24A /* Project object */;
}
